
Microsoft Visual Studio Solution File, Format Version 12.00
# Visual Studio 15
VisualStudioVersion = 15.0.28307.271
MinimumVisualStudioVersion = 10.0.40219.1
Project("{9A19103F-16F7-4668-BE54-9A1E7A4F7556}") = "RI_Web", "RI_Web\RI_Web.csproj", "{AC820FA5-4351-4C3A-9CD1-2D7ACBDBEB62}"
EndProject
Project("{9A19103F-16F7-4668-BE54-9A1E7A4F7556}") = "RI_Entity", "RI_Entity\RI_Entity.csproj", "{445B39F0-36AD-4A24-A4D6-C31BA7105979}"
EndProject
Global
	GlobalSection(SolutionConfigurationPlatforms) = preSolution
		Debug|Any CPU = Debug|Any CPU
		Release|Any CPU = Release|Any CPU
	EndGlobalSection
	GlobalSection(ProjectConfigurationPlatforms) = postSolution
		{AC820FA5-4351-4C3A-9CD1-2D7ACBDBEB62}.Debug|Any CPU.ActiveCfg = Debug|Any CPU
		{AC820FA5-4351-4C3A-9CD1-2D7ACBDBEB62}.Debug|Any CPU.Build.0 = Debug|Any CPU
		{AC820FA5-4351-4C3A-9CD1-2D7ACBDBEB62}.Release|Any CPU.ActiveCfg = Release|Any CPU
		{AC820FA5-4351-4C3A-9CD1-2D7ACBDBEB62}.Release|Any CPU.Build.0 = Release|Any CPU
		{445B39F0-36AD-4A24-A4D6-C31BA7105979}.Debug|Any CPU.ActiveCfg = Debug|Any CPU
		{445B39F0-36AD-4A24-A4D6-C31BA7105979}.Debug|Any CPU.Build.0 = Debug|Any CPU
		{445B39F0-36AD-4A24-A4D6-C31BA7105979}.Release|Any CPU.ActiveCfg = Release|Any CPU
		{445B39F0-36AD-4A24-A4D6-C31BA7105979}.Release|Any CPU.Build.0 = Release|Any CPU
	EndGlobalSection
	GlobalSection(SolutionProperties) = preSolution
		HideSolutionNode = FALSE
	EndGlobalSection
	GlobalSection(ExtensibilityGlobals) = postSolution
		SolutionGuid = {1ABE6839-D676-4801-BBDD-96EC7ED96F3A}
	EndGlobalSection
EndGlobal
