
Microsoft Visual Studio Solution File, Format Version 12.00
# Visual Studio 15
VisualStudioVersion = 15.0.28307.271
MinimumVisualStudioVersion = 10.0.40219.1
Project("{9A19103F-16F7-4668-BE54-9A1E7A4F7556}") = "RI.Entity", "RI.Entity\RI.Entity.csproj", "{4562A579-6879-45CE-89DE-C2948DA5DAC9}"
EndProject
Project("{9A19103F-16F7-4668-BE54-9A1E7A4F7556}") = "RI.Web", "RI.Web\RI.Web.csproj", "{9C5E795A-DC1F-4F54-A390-04AB8A459C24}"
EndProject
Global
	GlobalSection(SolutionConfigurationPlatforms) = preSolution
		Debug|Any CPU = Debug|Any CPU
		Release|Any CPU = Release|Any CPU
	EndGlobalSection
	GlobalSection(ProjectConfigurationPlatforms) = postSolution
		{4562A579-6879-45CE-89DE-C2948DA5DAC9}.Debug|Any CPU.ActiveCfg = Debug|Any CPU
		{4562A579-6879-45CE-89DE-C2948DA5DAC9}.Debug|Any CPU.Build.0 = Debug|Any CPU
		{4562A579-6879-45CE-89DE-C2948DA5DAC9}.Release|Any CPU.ActiveCfg = Release|Any CPU
		{4562A579-6879-45CE-89DE-C2948DA5DAC9}.Release|Any CPU.Build.0 = Release|Any CPU
		{9C5E795A-DC1F-4F54-A390-04AB8A459C24}.Debug|Any CPU.ActiveCfg = Debug|Any CPU
		{9C5E795A-DC1F-4F54-A390-04AB8A459C24}.Debug|Any CPU.Build.0 = Debug|Any CPU
		{9C5E795A-DC1F-4F54-A390-04AB8A459C24}.Release|Any CPU.ActiveCfg = Release|Any CPU
		{9C5E795A-DC1F-4F54-A390-04AB8A459C24}.Release|Any CPU.Build.0 = Release|Any CPU
	EndGlobalSection
	GlobalSection(SolutionProperties) = preSolution
		HideSolutionNode = FALSE
	EndGlobalSection
	GlobalSection(ExtensibilityGlobals) = postSolution
		SolutionGuid = {1ABE6839-D676-4801-BBDD-96EC7ED96F3A}
	EndGlobalSection
EndGlobal
